Microsoft Visual Studio Solution File, Format Version 12.00
# Visual Studio Version 17
VisualStudioVersion = 17.3.32901.215
MinimumVisualStudioVersion = 10.0.40219.1
Project("{2150E333-8FDC-42A3-9474-1A3956D46DE8}") = "Solution Items", "Solution Items", "{9D470563-2A48-4385-96F0-203C8B373A6A}"
	ProjectSection(SolutionItems) = preProject
		.editorconfig = .editorconfig
		.runsettings = .runsettings
	EndProjectSection
EndProject
Project("{9A19103F-16F7-4668-BE54-9A1E7A4F7556}") = "EtherGizmos.SqlMonitor.Api", "EtherGizmos.SqlMonitor.Api\EtherGizmos.SqlMonitor.Api.csproj", "{2F466962-D42B-434D-B854-745E3DE16F6E}"
EndProject
Project("{9A19103F-16F7-4668-BE54-9A1E7A4F7556}") = "EtherGizmos.SqlMonitor.Old.Extensions", "EtherGizmos.SqlMonitor.Old.Extensions\EtherGizmos.SqlMonitor.Old.Extensions.csproj", "{8BE33275-A20E-47D6-BB7E-6DB416E9F9C1}"
EndProject
Project("{9A19103F-16F7-4668-BE54-9A1E7A4F7556}") = "EtherGizmos.SqlMonitor.Api.IntegrationTests.Ssh", "EtherGizmos.SqlMonitor.Api.IntegrationTests.Ssh\EtherGizmos.SqlMonitor.Api.IntegrationTests.Ssh.csproj", "{8AC84FCC-9855-4C1A-A627-5095A006E8C4}"
EndProject
Project("{9A19103F-16F7-4668-BE54-9A1E7A4F7556}") = "EtherGizmos.SqlMonitor.Api.IntegrationTests.WinRm", "EtherGizmos.SqlMonitor.Api.IntegrationTests.WinRm\EtherGizmos.SqlMonitor.Api.IntegrationTests.WinRm.csproj", "{71920C7C-55FE-43BE-837E-1FD1F371C0EE}"
EndProject
Project("{9A19103F-16F7-4668-BE54-9A1E7A4F7556}") = "EtherGizmos.SqlMonitor.UnitTests", "EtherGizmos.SqlMonitor.UnitTests\EtherGizmos.SqlMonitor.UnitTests.csproj", "{4D6F2873-5F2B-4B9D-8F7F-7F4F3A4C1F1C}"
EndProject
Project("{9A19103F-16F7-4668-BE54-9A1E7A4F7556}") = "EtherGizmos.SqlMonitor.Old.Database", "EtherGizmos.SqlMonitor.Old.Database\EtherGizmos.SqlMonitor.Old.Database.csproj", "{8EB46369-23A6-4BCF-AD61-9F7BA4E3D1F2}"
EndProject
Project("{9A19103F-16F7-4668-BE54-9A1E7A4F7556}") = "EtherGizmos.SqlMonitor.Old.Models", "EtherGizmos.SqlMonitor.Old.Models\EtherGizmos.SqlMonitor.Old.Models.csproj", "{EFD8CF05-C5D4-42A5-8741-281C4A4EF57C}"
EndProject
Project("{54A90642-561A-4BB1-A94E-469ADEE60C69}") = "EtherGizmos.SqlMonitor.Web", "EtherGizmos.SqlMonitor.Web\EtherGizmos.SqlMonitor.Web.esproj", "{594EA8F8-773F-4D0D-BD8A-5276204FCBAA}"
EndProject
Project("{9A19103F-16F7-4668-BE54-9A1E7A4F7556}") = "EtherGizmos.SqlMonitor.Api.IntegrationTests.MySql", "EtherGizmos.SqlMonitor.Api.IntegrationTests.MySql\EtherGizmos.SqlMonitor.Api.IntegrationTests.MySql.csproj", "{C544AFEF-400D-4029-8FF7-6A6BE8CF2950}"
EndProject
Project("{9A19103F-16F7-4668-BE54-9A1E7A4F7556}") = "EtherGizmos.SqlMonitor.Api.IntegrationTests.SqlServer", "EtherGizmos.SqlMonitor.Api.IntegrationTests.SqlServer\EtherGizmos.SqlMonitor.Api.IntegrationTests.SqlServer.csproj", "{8F18A559-59B2-4C76-80CE-E9CE89E7DFA7}"
EndProject
Project("{9A19103F-16F7-4668-BE54-9A1E7A4F7556}") = "EtherGizmos.SqlMonitor.Shared.IntegrationTests", "EtherGizmos.SqlMonitor.Shared.IntegrationTests\EtherGizmos.SqlMonitor.Shared.IntegrationTests.csproj", "{16A4A613-0998-41D0-A135-82017A909FEE}"
EndProject
Project("{9A19103F-16F7-4668-BE54-9A1E7A4F7556}") = "EtherGizmos.SqlMonitor.Api.IntegrationTests.PostgreSql", "EtherGizmos.SqlMonitor.Api.IntegrationTests.PostgreSql\EtherGizmos.SqlMonitor.Api.IntegrationTests.PostgreSql.csproj", "{A334CE52-C2E7-432A-B1D5-D23D048752B3}"
EndProject
Project("{9A19103F-16F7-4668-BE54-9A1E7A4F7556}") = "EtherGizmos.SqlMonitor.Agent", "EtherGizmos.SqlMonitor.Agent\EtherGizmos.SqlMonitor.Agent.csproj", "{D95DF1F0-34EA-49C3-89FC-8388D1F496D3}"
EndProject
Project("{9A19103F-16F7-4668-BE54-9A1E7A4F7556}") = "EtherGizmos.SqlMonitor.Old.Services", "EtherGizmos.SqlMonitor.Old.Services\EtherGizmos.SqlMonitor.Old.Services.csproj", "{2990652D-4464-4852-9B56-B5B09D8066CB}"
EndProject
Project("{9A19103F-16F7-4668-BE54-9A1E7A4F7556}") = "EtherGizmos.SqlMonitor.Old.Messaging", "EtherGizmos.SqlMonitor.Old.Messaging\EtherGizmos.SqlMonitor.Old.Messaging.csproj", "{CF9D3076-893A-4E55-A54F-D5B8C6470B63}"
EndProject
Project("{9A19103F-16F7-4668-BE54-9A1E7A4F7556}") = "EtherGizmos.SqlMonitor.Old.Configuration", "EtherGizmos.SqlMonitor.Old.Configuration\EtherGizmos.SqlMonitor.Old.Configuration.csproj", "{FF94DEE7-F49C-45D0-AF81-EC284565B80A}"
EndProject
Project("{FAE04EC0-301F-11D3-BF4B-00C04F79EFBC}") = "EtherGizmos.SqlMonitor.Shared.Models", "EtherGizmos.SqlMonitor.Shared.Models\EtherGizmos.SqlMonitor.Shared.Models.csproj", "{1E89DF18-5000-4A70-B6AB-2FB882D2A86A}"
EndProject
Project("{FAE04EC0-301F-11D3-BF4B-00C04F79EFBC}") = "EtherGizmos.SqlMonitor.Shared.Database.Migrations", "EtherGizmos.SqlMonitor.Shared.Database.Migrations\EtherGizmos.SqlMonitor.Shared.Database.Migrations.csproj", "{23DEE897-46A9-4813-8468-8574435162F1}"
EndProject
Project("{FAE04EC0-301F-11D3-BF4B-00C04F79EFBC}") = "EtherGizmos.SqlMonitor.Shared.Database.EntityFrameworkCore", "EtherGizmos.SqlMonitor.Shared.Database.EntityFrameworkCore\EtherGizmos.SqlMonitor.Shared.Database.EntityFrameworkCore.csproj", "{A869EA84-2AA2-4749-96FF-9B12D6084398}"
EndProject
Project("{FAE04EC0-301F-11D3-BF4B-00C04F79EFBC}") = "EtherGizmos.SqlMonitor.Shared.Models.AutoMapper", "EtherGizmos.SqlMonitor.Shared.Models.AutoMapper\EtherGizmos.SqlMonitor.Shared.Models.AutoMapper.csproj", "{68446190-396C-44A6-B3FF-E4868F81500F}"
EndProject
Project("{FAE04EC0-301F-11D3-BF4B-00C04F79EFBC}") = "EtherGizmos.SqlMonitor.Shared.Models.OData", "EtherGizmos.SqlMonitor.Shared.Models.OData\EtherGizmos.SqlMonitor.Shared.Models.OData.csproj", "{848D5220-A688-4E0E-B179-C1B848D64888}"
EndProject
Project("{FAE04EC0-301F-11D3-BF4B-00C04F79EFBC}") = "EtherGizmos.SqlMonitor.Shared.Messaging", "EtherGizmos.SqlMonitor.Shared.Messaging\EtherGizmos.SqlMonitor.Shared.Messaging.csproj", "{43BDB08D-4872-4DF6-82F9-9501160E8D08}"
EndProject
Project("{FAE04EC0-301F-11D3-BF4B-00C04F79EFBC}") = "EtherGizmos.SqlMonitor.Shared.Configuration", "EtherGizmos.SqlMonitor.Shared.Configuration\EtherGizmos.SqlMonitor.Shared.Configuration.csproj", "{1C538538-8F6F-45EB-AE12-A8E3B32D38CE}"
EndProject
Project("{FAE04EC0-301F-11D3-BF4B-00C04F79EFBC}") = "EtherGizmos.SqlMonitor.Api.Core", "EtherGizmos.SqlMonitor.Api.Core\EtherGizmos.SqlMonitor.Api.Core.csproj", "{48792A8E-B1AD-4B96-8530-1E3491887DFF}"
EndProject
Project("{FAE04EC0-301F-11D3-BF4B-00C04F79EFBC}") = "EtherGizmos.SqlMonitor.Agent.Core", "EtherGizmos.SqlMonitor.Agent.Core\EtherGizmos.SqlMonitor.Agent.Core.csproj", "{00A18510-4082-4D77-8516-7A66DA2ACDBD}"
EndProject
Project("{FAE04EC0-301F-11D3-BF4B-00C04F79EFBC}") = "EtherGizmos.SqlMonitor.Shared.OAuth", "EtherGizmos.SqlMonitor.Shared.OAuth\EtherGizmos.SqlMonitor.Shared.OAuth.csproj", "{4D35C427-3D3E-460D-BBAD-6352CA3568A1}"
EndProject
Global
	GlobalSection(SolutionConfigurationPlatforms) = preSolution
		Debug|Any CPU = Debug|Any CPU
		Release|Any CPU = Release|Any CPU
	EndGlobalSection
	GlobalSection(ProjectConfigurationPlatforms) = postSolution
		{2F466962-D42B-434D-B854-745E3DE16F6E}.Debug|Any CPU.ActiveCfg = Debug|Any CPU
		{2F466962-D42B-434D-B854-745E3DE16F6E}.Debug|Any CPU.Build.0 = Debug|Any CPU
		{2F466962-D42B-434D-B854-745E3DE16F6E}.Release|Any CPU.ActiveCfg = Release|Any CPU
		{2F466962-D42B-434D-B854-745E3DE16F6E}.Release|Any CPU.Build.0 = Release|Any CPU
		{8BE33275-A20E-47D6-BB7E-6DB416E9F9C1}.Debug|Any CPU.ActiveCfg = Debug|Any CPU
		{8BE33275-A20E-47D6-BB7E-6DB416E9F9C1}.Debug|Any CPU.Build.0 = Debug|Any CPU
		{8BE33275-A20E-47D6-BB7E-6DB416E9F9C1}.Release|Any CPU.ActiveCfg = Release|Any CPU
		{8BE33275-A20E-47D6-BB7E-6DB416E9F9C1}.Release|Any CPU.Build.0 = Release|Any CPU
		{8AC84FCC-9855-4C1A-A627-5095A006E8C4}.Debug|Any CPU.ActiveCfg = Debug|Any CPU
		{8AC84FCC-9855-4C1A-A627-5095A006E8C4}.Debug|Any CPU.Build.0 = Debug|Any CPU
		{8AC84FCC-9855-4C1A-A627-5095A006E8C4}.Release|Any CPU.ActiveCfg = Release|Any CPU
		{8AC84FCC-9855-4C1A-A627-5095A006E8C4}.Release|Any CPU.Build.0 = Release|Any CPU
		{71920C7C-55FE-43BE-837E-1FD1F371C0EE}.Debug|Any CPU.ActiveCfg = Debug|Any CPU
		{71920C7C-55FE-43BE-837E-1FD1F371C0EE}.Debug|Any CPU.Build.0 = Debug|Any CPU
		{71920C7C-55FE-43BE-837E-1FD1F371C0EE}.Release|Any CPU.ActiveCfg = Release|Any CPU
		{71920C7C-55FE-43BE-837E-1FD1F371C0EE}.Release|Any CPU.Build.0 = Release|Any CPU
		{4D6F2873-5F2B-4B9D-8F7F-7F4F3A4C1F1C}.Debug|Any CPU.ActiveCfg = Debug|Any CPU
		{4D6F2873-5F2B-4B9D-8F7F-7F4F3A4C1F1C}.Debug|Any CPU.Build.0 = Debug|Any CPU
		{4D6F2873-5F2B-4B9D-8F7F-7F4F3A4C1F1C}.Release|Any CPU.ActiveCfg = Release|Any CPU
		{4D6F2873-5F2B-4B9D-8F7F-7F4F3A4C1F1C}.Release|Any CPU.Build.0 = Release|Any CPU
		{8EB46369-23A6-4BCF-AD61-9F7BA4E3D1F2}.Debug|Any CPU.ActiveCfg = Debug|Any CPU
		{8EB46369-23A6-4BCF-AD61-9F7BA4E3D1F2}.Debug|Any CPU.Build.0 = Debug|Any CPU
		{8EB46369-23A6-4BCF-AD61-9F7BA4E3D1F2}.Release|Any CPU.ActiveCfg = Release|Any CPU
		{8EB46369-23A6-4BCF-AD61-9F7BA4E3D1F2}.Release|Any CPU.Build.0 = Release|Any CPU
		{EFD8CF05-C5D4-42A5-8741-281C4A4EF57C}.Debug|Any CPU.ActiveCfg = Debug|Any CPU
		{EFD8CF05-C5D4-42A5-8741-281C4A4EF57C}.Debug|Any CPU.Build.0 = Debug|Any CPU
		{EFD8CF05-C5D4-42A5-8741-281C4A4EF57C}.Release|Any CPU.ActiveCfg = Release|Any CPU
		{EFD8CF05-C5D4-42A5-8741-281C4A4EF57C}.Release|Any CPU.Build.0 = Release|Any CPU
		{594EA8F8-773F-4D0D-BD8A-5276204FCBAA}.Debug|Any CPU.ActiveCfg = Debug|Any CPU
		{594EA8F8-773F-4D0D-BD8A-5276204FCBAA}.Debug|Any CPU.Build.0 = Debug|Any CPU
		{594EA8F8-773F-4D0D-BD8A-5276204FCBAA}.Debug|Any CPU.Deploy.0 = Debug|Any CPU
		{594EA8F8-773F-4D0D-BD8A-5276204FCBAA}.Release|Any CPU.ActiveCfg = Release|Any CPU
		{594EA8F8-773F-4D0D-BD8A-5276204FCBAA}.Release|Any CPU.Build.0 = Release|Any CPU
		{594EA8F8-773F-4D0D-BD8A-5276204FCBAA}.Release|Any CPU.Deploy.0 = Release|Any CPU
		{C544AFEF-400D-4029-8FF7-6A6BE8CF2950}.Debug|Any CPU.ActiveCfg = Debug|Any CPU
		{C544AFEF-400D-4029-8FF7-6A6BE8CF2950}.Debug|Any CPU.Build.0 = Debug|Any CPU
		{C544AFEF-400D-4029-8FF7-6A6BE8CF2950}.Release|Any CPU.ActiveCfg = Release|Any CPU
		{C544AFEF-400D-4029-8FF7-6A6BE8CF2950}.Release|Any CPU.Build.0 = Release|Any CPU
		{8F18A559-59B2-4C76-80CE-E9CE89E7DFA7}.Debug|Any CPU.ActiveCfg = Debug|Any CPU
		{8F18A559-59B2-4C76-80CE-E9CE89E7DFA7}.Debug|Any CPU.Build.0 = Debug|Any CPU
		{8F18A559-59B2-4C76-80CE-E9CE89E7DFA7}.Release|Any CPU.ActiveCfg = Release|Any CPU
		{8F18A559-59B2-4C76-80CE-E9CE89E7DFA7}.Release|Any CPU.Build.0 = Release|Any CPU
		{16A4A613-0998-41D0-A135-82017A909FEE}.Debug|Any CPU.ActiveCfg = Debug|Any CPU
		{16A4A613-0998-41D0-A135-82017A909FEE}.Debug|Any CPU.Build.0 = Debug|Any CPU
		{16A4A613-0998-41D0-A135-82017A909FEE}.Release|Any CPU.ActiveCfg = Release|Any CPU
		{16A4A613-0998-41D0-A135-82017A909FEE}.Release|Any CPU.Build.0 = Release|Any CPU
		{A334CE52-C2E7-432A-B1D5-D23D048752B3}.Debug|Any CPU.ActiveCfg = Debug|Any CPU
		{A334CE52-C2E7-432A-B1D5-D23D048752B3}.Debug|Any CPU.Build.0 = Debug|Any CPU
		{A334CE52-C2E7-432A-B1D5-D23D048752B3}.Release|Any CPU.ActiveCfg = Release|Any CPU
		{A334CE52-C2E7-432A-B1D5-D23D048752B3}.Release|Any CPU.Build.0 = Release|Any CPU
		{D95DF1F0-34EA-49C3-89FC-8388D1F496D3}.Debug|Any CPU.ActiveCfg = Debug|Any CPU
		{D95DF1F0-34EA-49C3-89FC-8388D1F496D3}.Debug|Any CPU.Build.0 = Debug|Any CPU
		{D95DF1F0-34EA-49C3-89FC-8388D1F496D3}.Release|Any CPU.ActiveCfg = Release|Any CPU
		{D95DF1F0-34EA-49C3-89FC-8388D1F496D3}.Release|Any CPU.Build.0 = Release|Any CPU
		{2990652D-4464-4852-9B56-B5B09D8066CB}.Debug|Any CPU.ActiveCfg = Debug|Any CPU
		{2990652D-4464-4852-9B56-B5B09D8066CB}.Debug|Any CPU.Build.0 = Debug|Any CPU
		{2990652D-4464-4852-9B56-B5B09D8066CB}.Release|Any CPU.ActiveCfg = Release|Any CPU
		{2990652D-4464-4852-9B56-B5B09D8066CB}.Release|Any CPU.Build.0 = Release|Any CPU
		{CF9D3076-893A-4E55-A54F-D5B8C6470B63}.Debug|Any CPU.ActiveCfg = Debug|Any CPU
		{CF9D3076-893A-4E55-A54F-D5B8C6470B63}.Debug|Any CPU.Build.0 = Debug|Any CPU
		{CF9D3076-893A-4E55-A54F-D5B8C6470B63}.Release|Any CPU.ActiveCfg = Release|Any CPU
		{CF9D3076-893A-4E55-A54F-D5B8C6470B63}.Release|Any CPU.Build.0 = Release|Any CPU
		{FF94DEE7-F49C-45D0-AF81-EC284565B80A}.Debug|Any CPU.ActiveCfg = Debug|Any CPU
		{FF94DEE7-F49C-45D0-AF81-EC284565B80A}.Debug|Any CPU.Build.0 = Debug|Any CPU
		{FF94DEE7-F49C-45D0-AF81-EC284565B80A}.Release|Any CPU.ActiveCfg = Release|Any CPU
		{FF94DEE7-F49C-45D0-AF81-EC284565B80A}.Release|Any CPU.Build.0 = Release|Any CPU
		{1E89DF18-5000-4A70-B6AB-2FB882D2A86A}.Debug|Any CPU.ActiveCfg = Debug|Any CPU
		{1E89DF18-5000-4A70-B6AB-2FB882D2A86A}.Debug|Any CPU.Build.0 = Debug|Any CPU
		{1E89DF18-5000-4A70-B6AB-2FB882D2A86A}.Release|Any CPU.ActiveCfg = Release|Any CPU
		{1E89DF18-5000-4A70-B6AB-2FB882D2A86A}.Release|Any CPU.Build.0 = Release|Any CPU
		{23DEE897-46A9-4813-8468-8574435162F1}.Debug|Any CPU.ActiveCfg = Debug|Any CPU
		{23DEE897-46A9-4813-8468-8574435162F1}.Debug|Any CPU.Build.0 = Debug|Any CPU
		{23DEE897-46A9-4813-8468-8574435162F1}.Release|Any CPU.ActiveCfg = Release|Any CPU
		{23DEE897-46A9-4813-8468-8574435162F1}.Release|Any CPU.Build.0 = Release|Any CPU
		{A869EA84-2AA2-4749-96FF-9B12D6084398}.Debug|Any CPU.ActiveCfg = Debug|Any CPU
		{A869EA84-2AA2-4749-96FF-9B12D6084398}.Debug|Any CPU.Build.0 = Debug|Any CPU
		{A869EA84-2AA2-4749-96FF-9B12D6084398}.Release|Any CPU.ActiveCfg = Release|Any CPU
		{A869EA84-2AA2-4749-96FF-9B12D6084398}.Release|Any CPU.Build.0 = Release|Any CPU
		{68446190-396C-44A6-B3FF-E4868F81500F}.Debug|Any CPU.ActiveCfg = Debug|Any CPU
		{68446190-396C-44A6-B3FF-E4868F81500F}.Debug|Any CPU.Build.0 = Debug|Any CPU
		{68446190-396C-44A6-B3FF-E4868F81500F}.Release|Any CPU.ActiveCfg = Release|Any CPU
		{68446190-396C-44A6-B3FF-E4868F81500F}.Release|Any CPU.Build.0 = Release|Any CPU
		{848D5220-A688-4E0E-B179-C1B848D64888}.Debug|Any CPU.ActiveCfg = Debug|Any CPU
		{848D5220-A688-4E0E-B179-C1B848D64888}.Debug|Any CPU.Build.0 = Debug|Any CPU
		{848D5220-A688-4E0E-B179-C1B848D64888}.Release|Any CPU.ActiveCfg = Release|Any CPU
		{848D5220-A688-4E0E-B179-C1B848D64888}.Release|Any CPU.Build.0 = Release|Any CPU
		{43BDB08D-4872-4DF6-82F9-9501160E8D08}.Debug|Any CPU.ActiveCfg = Debug|Any CPU
		{43BDB08D-4872-4DF6-82F9-9501160E8D08}.Debug|Any CPU.Build.0 = Debug|Any CPU
		{43BDB08D-4872-4DF6-82F9-9501160E8D08}.Release|Any CPU.ActiveCfg = Release|Any CPU
		{43BDB08D-4872-4DF6-82F9-9501160E8D08}.Release|Any CPU.Build.0 = Release|Any CPU
		{1C538538-8F6F-45EB-AE12-A8E3B32D38CE}.Debug|Any CPU.ActiveCfg = Debug|Any CPU
		{1C538538-8F6F-45EB-AE12-A8E3B32D38CE}.Debug|Any CPU.Build.0 = Debug|Any CPU
		{1C538538-8F6F-45EB-AE12-A8E3B32D38CE}.Release|Any CPU.ActiveCfg = Release|Any CPU
		{1C538538-8F6F-45EB-AE12-A8E3B32D38CE}.Release|Any CPU.Build.0 = Release|Any CPU
		{48792A8E-B1AD-4B96-8530-1E3491887DFF}.Debug|Any CPU.ActiveCfg = Debug|Any CPU
		{48792A8E-B1AD-4B96-8530-1E3491887DFF}.Debug|Any CPU.Build.0 = Debug|Any CPU
		{48792A8E-B1AD-4B96-8530-1E3491887DFF}.Release|Any CPU.ActiveCfg = Release|Any CPU
		{48792A8E-B1AD-4B96-8530-1E3491887DFF}.Release|Any CPU.Build.0 = Release|Any CPU
		{00A18510-4082-4D77-8516-7A66DA2ACDBD}.Debug|Any CPU.ActiveCfg = Debug|Any CPU
		{00A18510-4082-4D77-8516-7A66DA2ACDBD}.Debug|Any CPU.Build.0 = Debug|Any CPU
		{00A18510-4082-4D77-8516-7A66DA2ACDBD}.Release|Any CPU.ActiveCfg = Release|Any CPU
		{00A18510-4082-4D77-8516-7A66DA2ACDBD}.Release|Any CPU.Build.0 = Release|Any CPU
		{4D35C427-3D3E-460D-BBAD-6352CA3568A1}.Debug|Any CPU.ActiveCfg = Debug|Any CPU
		{4D35C427-3D3E-460D-BBAD-6352CA3568A1}.Debug|Any CPU.Build.0 = Debug|Any CPU
		{4D35C427-3D3E-460D-BBAD-6352CA3568A1}.Release|Any CPU.ActiveCfg = Release|Any CPU
		{4D35C427-3D3E-460D-BBAD-6352CA3568A1}.Release|Any CPU.Build.0 = Release|Any CPU
	EndGlobalSection
	GlobalSection(SolutionProperties) = preSolution
		HideSolutionNode = FALSE
	EndGlobalSection
	GlobalSection(ExtensibilityGlobals) = postSolution
		SolutionGuid = {8AA1EE06-9D3C-447F-90D6-3148CFED065F}
	EndGlobalSection
EndGlobal
